
Microsoft Visual Studio Solution File, Format Version 12.00
# Visual Studio Version 16
VisualStudioVersion = 16.0.30503.244
MinimumVisualStudioVersion = 10.0.40219.1
Project("{FAE04EC0-301F-11D3-BF4B-00C04F79EFBC}") = "PongMonoG", "PongMonoG.csproj", "{DDC72B64-E63F-4B2F-8B7B-93253E6DF0CA}"
EndProject
Global
	GlobalSection(SolutionConfigurationPlatforms) = preSolution
		Debug|Any CPU = Debug|Any CPU
		Release|Any CPU = Release|Any CPU
	EndGlobalSection
	GlobalSection(ProjectConfigurationPlatforms) = postSolution
		{DDC72B64-E63F-4B2F-8B7B-93253E6DF0CA}.Debug|Any CPU.ActiveCfg = Debug|Any CPU
		{DDC72B64-E63F-4B2F-8B7B-93253E6DF0CA}.Debug|Any CPU.Build.0 = Debug|Any CPU
		{DDC72B64-E63F-4B2F-8B7B-93253E6DF0CA}.Release|Any CPU.ActiveCfg = Release|Any CPU
		{DDC72B64-E63F-4B2F-8B7B-93253E6DF0CA}.Release|Any CPU.Build.0 = Release|Any CPU
	EndGlobalSection
	GlobalSection(SolutionProperties) = preSolution
		HideSolutionNode = FALSE
	EndGlobalSection
	GlobalSection(ExtensibilityGlobals) = postSolution
		SolutionGuid = {E085B1A1-6691-4E43-8A44-4CA8B3930E06}
	EndGlobalSection
EndGlobal
